
Microsoft Visual Studio Solution File, Format Version 12.00
# Visual Studio Version 16
VisualStudioVersion = 16.0.31624.102
MinimumVisualStudioVersion = 10.0.40219.1
Project("{9A19103F-16F7-4668-BE54-9A1E7A4F7556}") = "Project_CCSB", "Project_CCSB\Project_CCSB.csproj", "{8FFA4549-B087-431E-ACF7-E65FF57F01C9}"
EndProject
Global
	GlobalSection(SolutionConfigurationPlatforms) = preSolution
		Debug|Any CPU = Debug|Any CPU
		Release|Any CPU = Release|Any CPU
	EndGlobalSection
	GlobalSection(ProjectConfigurationPlatforms) = postSolution
		{8FFA4549-B087-431E-ACF7-E65FF57F01C9}.Debug|Any CPU.ActiveCfg = Debug|Any CPU
		{8FFA4549-B087-431E-ACF7-E65FF57F01C9}.Debug|Any CPU.Build.0 = Debug|Any CPU
		{8FFA4549-B087-431E-ACF7-E65FF57F01C9}.Release|Any CPU.ActiveCfg = Release|Any CPU
		{8FFA4549-B087-431E-ACF7-E65FF57F01C9}.Release|Any CPU.Build.0 = Release|Any CPU
	EndGlobalSection
	GlobalSection(SolutionProperties) = preSolution
		HideSolutionNode = FALSE
	EndGlobalSection
	GlobalSection(ExtensibilityGlobals) = postSolution
		SolutionGuid = {36668629-43AC-4461-9256-8CE8B6A1D617}
	EndGlobalSection
EndGlobal
